
Microsoft Visual Studio Solution File, Format Version 12.00
# Visual Studio Version 17
VisualStudioVersion = 17.0.31903.59
MinimumVisualStudioVersion = 10.0.40219.1

# ============================================================================
# STINGBIM v7 - AI-POWERED MEP DESIGN AUTOMATION
# Complete Solution Structure for 18-Month Development
# ============================================================================

# ============================================================================
# PHASE 1: FOUNDATION LAYER (Months 1-4)
# ============================================================================

Project("{FAE04EC0-301F-11D3-BF4B-00C04F79EFBC}") = "StingBIM.Revit", "src\1_Foundation\StingBIM.Revit\StingBIM.Revit.csproj", "{A1B2C3D4-E5F6-7890-ABCD-111111111111}"
EndProject
Project("{FAE04EC0-301F-11D3-BF4B-00C04F79EFBC}") = "StingBIM.Core", "src\1_Foundation\StingBIM.Core\StingBIM.Core.csproj", "{A1B2C3D4-E5F6-7890-ABCD-222222222222}"
EndProject
Project("{FAE04EC0-301F-11D3-BF4B-00C04F79EFBC}") = "StingBIM.Data", "src\1_Foundation\StingBIM.Data\StingBIM.Data.csproj", "{A1B2C3D4-E5F6-7890-ABCD-333333333333}"
EndProject
Project("{FAE04EC0-301F-11D3-BF4B-00C04F79EFBC}") = "StingBIM.Standards", "src\1_Foundation\StingBIM.Standards\StingBIM.Standards.csproj", "{A1B2C3D4-E5F6-7890-ABCD-444444444444}"
EndProject
Project("{FAE04EC0-301F-11D3-BF4B-00C04F79EFBC}") = "StingBIM.UI", "src\1_Foundation\StingBIM.UI\StingBIM.UI.csproj", "{A1B2C3D4-E5F6-7890-ABCD-555555555555}"
EndProject

# ============================================================================
# PHASE 2: COMMAND LAYER (Months 5-8)
# ============================================================================

Project("{FAE04EC0-301F-11D3-BF4B-00C04F79EFBC}") = "StingBIM.Commands.Electrical", "src\2_Commands\StingBIM.Commands.Electrical\StingBIM.Commands.Electrical.csproj", "{A1B2C3D4-E5F6-7890-ABCD-666666666666}"
EndProject
Project("{FAE04EC0-301F-11D3-BF4B-00C04F79EFBC}") = "StingBIM.Commands.HVAC", "src\2_Commands\StingBIM.Commands.HVAC\StingBIM.Commands.HVAC.csproj", "{A1B2C3D4-E5F6-7890-ABCD-777777777777}"
EndProject
Project("{FAE04EC0-301F-11D3-BF4B-00C04F79EFBC}") = "StingBIM.Commands.Plumbing", "src\2_Commands\StingBIM.Commands.Plumbing\StingBIM.Commands.Plumbing.csproj", "{A1B2C3D4-E5F6-7890-ABCD-888888888888}"
EndProject
Project("{FAE04EC0-301F-11D3-BF4B-00C04F79EFBC}") = "StingBIM.Commands.Automation", "src\2_Commands\StingBIM.Commands.Automation\StingBIM.Commands.Automation.csproj", "{A1B2C3D4-E5F6-7890-ABCD-999999999999}"
EndProject

# ============================================================================
# PHASE 3-5: INTELLIGENCE LAYER (Months 5-18, Parallel Development)
# ============================================================================

Project("{FAE04EC0-301F-11D3-BF4B-00C04F79EFBC}") = "StingBIM.Intelligence.Core", "src\3_Intelligence\StingBIM.Intelligence.Core\StingBIM.Intelligence.Core.csproj", "{A1B2C3D4-E5F6-7890-ABCD-AAAAAAAAAAA1}"
EndProject
Project("{FAE04EC0-301F-11D3-BF4B-00C04F79EFBC}") = "StingBIM.Intelligence.Recognition", "src\3_Intelligence\StingBIM.Intelligence.Recognition\StingBIM.Intelligence.Recognition.csproj", "{A1B2C3D4-E5F6-7890-ABCD-AAAAAAAAAAA2}"
EndProject
Project("{FAE04EC0-301F-11D3-BF4B-00C04F79EFBC}") = "StingBIM.Intelligence.Prediction", "src\3_Intelligence\StingBIM.Intelligence.Prediction\StingBIM.Intelligence.Prediction.csproj", "{A1B2C3D4-E5F6-7890-ABCD-AAAAAAAAAAA3}"
EndProject
Project("{FAE04EC0-301F-11D3-BF4B-00C04F79EFBC}") = "StingBIM.Intelligence.Generative", "src\3_Intelligence\StingBIM.Intelligence.Generative\StingBIM.Intelligence.Generative.csproj", "{A1B2C3D4-E5F6-7890-ABCD-AAAAAAAAAAA4}"
EndProject
Project("{FAE04EC0-301F-11D3-BF4B-00C04F79EFBC}") = "StingBIM.Intelligence.NLP", "src\3_Intelligence\StingBIM.Intelligence.NLP\StingBIM.Intelligence.NLP.csproj", "{A1B2C3D4-E5F6-7890-ABCD-AAAAAAAAAAA5}"
EndProject
Project("{FAE04EC0-301F-11D3-BF4B-00C04F79EFBC}") = "StingBIM.Intelligence.Learning", "src\3_Intelligence\StingBIM.Intelligence.Learning\StingBIM.Intelligence.Learning.csproj", "{A1B2C3D4-E5F6-7890-ABCD-AAAAAAAAAAA6}"
EndProject

# ============================================================================
# TESTING LAYER
# ============================================================================

Project("{FAE04EC0-301F-11D3-BF4B-00C04F79EFBC}") = "StingBIM.Tests.Unit", "src\4_Testing\StingBIM.Tests.Unit\StingBIM.Tests.Unit.csproj", "{A1B2C3D4-E5F6-7890-ABCD-BBBBBBBBBBB1}"
EndProject
Project("{FAE04EC0-301F-11D3-BF4B-00C04F79EFBC}") = "StingBIM.Tests.Integration", "src\4_Testing\StingBIM.Tests.Integration\StingBIM.Tests.Integration.csproj", "{A1B2C3D4-E5F6-7890-ABCD-BBBBBBBBBBB2}"
EndProject
Project("{FAE04EC0-301F-11D3-BF4B-00C04F79EFBC}") = "StingBIM.Tests.Intelligence", "src\4_Testing\StingBIM.Tests.Intelligence\StingBIM.Tests.Intelligence.csproj", "{A1B2C3D4-E5F6-7890-ABCD-BBBBBBBBBBB3}"
EndProject

Global
	GlobalSection(SolutionConfigurationPlatforms) = preSolution
		Debug|Any CPU = Debug|Any CPU
		Release|Any CPU = Release|Any CPU
	EndGlobalSection
	GlobalSection(ProjectConfigurationPlatforms) = postSolution
		{A1B2C3D4-E5F6-7890-ABCD-111111111111}.Debug|Any CPU.ActiveCfg = Debug|Any CPU
		{A1B2C3D4-E5F6-7890-ABCD-111111111111}.Debug|Any CPU.Build.0 = Debug|Any CPU
		{A1B2C3D4-E5F6-7890-ABCD-111111111111}.Release|Any CPU.ActiveCfg = Release|Any CPU
		{A1B2C3D4-E5F6-7890-ABCD-111111111111}.Release|Any CPU.Build.0 = Release|Any CPU
		{A1B2C3D4-E5F6-7890-ABCD-222222222222}.Debug|Any CPU.ActiveCfg = Debug|Any CPU
		{A1B2C3D4-E5F6-7890-ABCD-222222222222}.Debug|Any CPU.Build.0 = Debug|Any CPU
		{A1B2C3D4-E5F6-7890-ABCD-222222222222}.Release|Any CPU.ActiveCfg = Release|Any CPU
		{A1B2C3D4-E5F6-7890-ABCD-222222222222}.Release|Any CPU.Build.0 = Release|Any CPU
		{A1B2C3D4-E5F6-7890-ABCD-333333333333}.Debug|Any CPU.ActiveCfg = Debug|Any CPU
		{A1B2C3D4-E5F6-7890-ABCD-333333333333}.Debug|Any CPU.Build.0 = Debug|Any CPU
		{A1B2C3D4-E5F6-7890-ABCD-333333333333}.Release|Any CPU.ActiveCfg = Release|Any CPU
		{A1B2C3D4-E5F6-7890-ABCD-333333333333}.Release|Any CPU.Build.0 = Release|Any CPU
		{A1B2C3D4-E5F6-7890-ABCD-444444444444}.Debug|Any CPU.ActiveCfg = Debug|Any CPU
		{A1B2C3D4-E5F6-7890-ABCD-444444444444}.Debug|Any CPU.Build.0 = Debug|Any CPU
		{A1B2C3D4-E5F6-7890-ABCD-444444444444}.Release|Any CPU.ActiveCfg = Release|Any CPU
		{A1B2C3D4-E5F6-7890-ABCD-444444444444}.Release|Any CPU.Build.0 = Release|Any CPU
		{A1B2C3D4-E5F6-7890-ABCD-555555555555}.Debug|Any CPU.ActiveCfg = Debug|Any CPU
		{A1B2C3D4-E5F6-7890-ABCD-555555555555}.Debug|Any CPU.Build.0 = Debug|Any CPU
		{A1B2C3D4-E5F6-7890-ABCD-555555555555}.Release|Any CPU.ActiveCfg = Release|Any CPU
		{A1B2C3D4-E5F6-7890-ABCD-555555555555}.Release|Any CPU.Build.0 = Release|Any CPU
		{A1B2C3D4-E5F6-7890-ABCD-666666666666}.Debug|Any CPU.ActiveCfg = Debug|Any CPU
		{A1B2C3D4-E5F6-7890-ABCD-666666666666}.Debug|Any CPU.Build.0 = Debug|Any CPU
		{A1B2C3D4-E5F6-7890-ABCD-666666666666}.Release|Any CPU.ActiveCfg = Release|Any CPU
		{A1B2C3D4-E5F6-7890-ABCD-666666666666}.Release|Any CPU.Build.0 = Release|Any CPU
		{A1B2C3D4-E5F6-7890-ABCD-777777777777}.Debug|Any CPU.ActiveCfg = Debug|Any CPU
		{A1B2C3D4-E5F6-7890-ABCD-777777777777}.Debug|Any CPU.Build.0 = Debug|Any CPU
		{A1B2C3D4-E5F6-7890-ABCD-777777777777}.Release|Any CPU.ActiveCfg = Release|Any CPU
		{A1B2C3D4-E5F6-7890-ABCD-777777777777}.Release|Any CPU.Build.0 = Release|Any CPU
		{A1B2C3D4-E5F6-7890-ABCD-888888888888}.Debug|Any CPU.ActiveCfg = Debug|Any CPU
		{A1B2C3D4-E5F6-7890-ABCD-888888888888}.Debug|Any CPU.Build.0 = Debug|Any CPU
		{A1B2C3D4-E5F6-7890-ABCD-888888888888}.Release|Any CPU.ActiveCfg = Release|Any CPU
		{A1B2C3D4-E5F6-7890-ABCD-888888888888}.Release|Any CPU.Build.0 = Release|Any CPU
		{A1B2C3D4-E5F6-7890-ABCD-999999999999}.Debug|Any CPU.ActiveCfg = Debug|Any CPU
		{A1B2C3D4-E5F6-7890-ABCD-999999999999}.Debug|Any CPU.Build.0 = Debug|Any CPU
		{A1B2C3D4-E5F6-7890-ABCD-999999999999}.Release|Any CPU.ActiveCfg = Release|Any CPU
		{A1B2C3D4-E5F6-7890-ABCD-999999999999}.Release|Any CPU.Build.0 = Release|Any CPU
		{A1B2C3D4-E5F6-7890-ABCD-AAAAAAAAAAA1}.Debug|Any CPU.ActiveCfg = Debug|Any CPU
		{A1B2C3D4-E5F6-7890-ABCD-AAAAAAAAAAA1}.Debug|Any CPU.Build.0 = Debug|Any CPU
		{A1B2C3D4-E5F6-7890-ABCD-AAAAAAAAAAA1}.Release|Any CPU.ActiveCfg = Release|Any CPU
		{A1B2C3D4-E5F6-7890-ABCD-AAAAAAAAAAA1}.Release|Any CPU.Build.0 = Release|Any CPU
		{A1B2C3D4-E5F6-7890-ABCD-AAAAAAAAAAA2}.Debug|Any CPU.ActiveCfg = Debug|Any CPU
		{A1B2C3D4-E5F6-7890-ABCD-AAAAAAAAAAA2}.Debug|Any CPU.Build.0 = Debug|Any CPU
		{A1B2C3D4-E5F6-7890-ABCD-AAAAAAAAAAA2}.Release|Any CPU.ActiveCfg = Release|Any CPU
		{A1B2C3D4-E5F6-7890-ABCD-AAAAAAAAAAA2}.Release|Any CPU.Build.0 = Release|Any CPU
		{A1B2C3D4-E5F6-7890-ABCD-AAAAAAAAAAA3}.Debug|Any CPU.ActiveCfg = Debug|Any CPU
		{A1B2C3D4-E5F6-7890-ABCD-AAAAAAAAAAA3}.Debug|Any CPU.Build.0 = Debug|Any CPU
		{A1B2C3D4-E5F6-7890-ABCD-AAAAAAAAAAA3}.Release|Any CPU.ActiveCfg = Release|Any CPU
		{A1B2C3D4-E5F6-7890-ABCD-AAAAAAAAAAA3}.Release|Any CPU.Build.0 = Release|Any CPU
		{A1B2C3D4-E5F6-7890-ABCD-AAAAAAAAAAA4}.Debug|Any CPU.ActiveCfg = Debug|Any CPU
		{A1B2C3D4-E5F6-7890-ABCD-AAAAAAAAAAA4}.Debug|Any CPU.Build.0 = Debug|Any CPU
		{A1B2C3D4-E5F6-7890-ABCD-AAAAAAAAAAA4}.Release|Any CPU.ActiveCfg = Release|Any CPU
		{A1B2C3D4-E5F6-7890-ABCD-AAAAAAAAAAA4}.Release|Any CPU.Build.0 = Release|Any CPU
		{A1B2C3D4-E5F6-7890-ABCD-AAAAAAAAAAA5}.Debug|Any CPU.ActiveCfg = Debug|Any CPU
		{A1B2C3D4-E5F6-7890-ABCD-AAAAAAAAAAA5}.Debug|Any CPU.Build.0 = Debug|Any CPU
		{A1B2C3D4-E5F6-7890-ABCD-AAAAAAAAAAA5}.Release|Any CPU.ActiveCfg = Release|Any CPU
		{A1B2C3D4-E5F6-7890-ABCD-AAAAAAAAAAA5}.Release|Any CPU.Build.0 = Release|Any CPU
		{A1B2C3D4-E5F6-7890-ABCD-AAAAAAAAAAA6}.Debug|Any CPU.ActiveCfg = Debug|Any CPU
		{A1B2C3D4-E5F6-7890-ABCD-AAAAAAAAAAA6}.Debug|Any CPU.Build.0 = Debug|Any CPU
		{A1B2C3D4-E5F6-7890-ABCD-AAAAAAAAAAA6}.Release|Any CPU.ActiveCfg = Release|Any CPU
		{A1B2C3D4-E5F6-7890-ABCD-AAAAAAAAAAA6}.Release|Any CPU.Build.0 = Release|Any CPU
		{A1B2C3D4-E5F6-7890-ABCD-BBBBBBBBBBB1}.Debug|Any CPU.ActiveCfg = Debug|Any CPU
		{A1B2C3D4-E5F6-7890-ABCD-BBBBBBBBBBB1}.Debug|Any CPU.Build.0 = Debug|Any CPU
		{A1B2C3D4-E5F6-7890-ABCD-BBBBBBBBBBB1}.Release|Any CPU.ActiveCfg = Release|Any CPU
		{A1B2C3D4-E5F6-7890-ABCD-BBBBBBBBBBB1}.Release|Any CPU.Build.0 = Release|Any CPU
		{A1B2C3D4-E5F6-7890-ABCD-BBBBBBBBBBB2}.Debug|Any CPU.ActiveCfg = Debug|Any CPU
		{A1B2C3D4-E5F6-7890-ABCD-BBBBBBBBBBB2}.Debug|Any CPU.Build.0 = Debug|Any CPU
		{A1B2C3D4-E5F6-7890-ABCD-BBBBBBBBBBB2}.Release|Any CPU.ActiveCfg = Release|Any CPU
		{A1B2C3D4-E5F6-7890-ABCD-BBBBBBBBBBB2}.Release|Any CPU.Build.0 = Release|Any CPU
		{A1B2C3D4-E5F6-7890-ABCD-BBBBBBBBBBB3}.Debug|Any CPU.ActiveCfg = Debug|Any CPU
		{A1B2C3D4-E5F6-7890-ABCD-BBBBBBBBBBB3}.Debug|Any CPU.Build.0 = Debug|Any CPU
		{A1B2C3D4-E5F6-7890-ABCD-BBBBBBBBBBB3}.Release|Any CPU.ActiveCfg = Release|Any CPU
		{A1B2C3D4-E5F6-7890-ABCD-BBBBBBBBBBB3}.Release|Any CPU.Build.0 = Release|Any CPU
	EndGlobalSection
	GlobalSection(SolutionProperties) = preSolution
		HideSolutionNode = FALSE
	EndGlobalSection
	GlobalSection(ExtensibilityGlobals) = postSolution
		SolutionGuid = {12345678-90AB-CDEF-1234-567890ABCDEF}
	EndGlobalSection
EndGlobal
